// !$*UTF8*$!
{
	archiveVersion = 1;
	classes = {
	};
	objectVersion = 50;
	objects = {

/* Begin PBXBuildFile section */
		8270441320C2194F00F73B63 /* AppDelegate.swift in Sources */ = {isa = PBXBuildFile; fileRef = 8270441220C2194F00F73B63 /* AppDelegate.swift */; };
		8270441520C2194F00F73B63 /* MainViewController.swift in Sources */ = {isa = PBXBuildFile; fileRef = 8270441420C2194F00F73B63 /* MainViewController.swift */; };
		8270441820C2194F00F73B63 /* Main.storyboard in Resources */ = {isa = PBXBuildFile; fileRef = 8270441620C2194F00F73B63 /* Main.storyboard */; };
		8270441A20C2195100F73B63 /* Assets.xcassets in Resources */ = {isa = PBXBuildFile; fileRef = 8270441920C2195100F73B63 /* Assets.xcassets */; };
		8270441D20C2195100F73B63 /* LaunchScreen.storyboard in Resources */ = {isa = PBXBuildFile; fileRef = 8270441B20C2195100F73B63 /* LaunchScreen.storyboard */; };
		8270442820C2195100F73B63 /* HearthstoneTests.swift in Sources */ = {isa = PBXBuildFile; fileRef = 8270442720C2195100F73B63 /* HearthstoneTests.swift */; };
		8270443320C2195100F73B63 /* HearthstoneUITests.swift in Sources */ = {isa = PBXBuildFile; fileRef = 8270443220C2195100F73B63 /* HearthstoneUITests.swift */; };
		8270444120C2197000F73B63 /* DataService.swift in Sources */ = {isa = PBXBuildFile; fileRef = 8270444020C2197000F73B63 /* DataService.swift */; };
		8270444320C2198900F73B63 /* Card.swift in Sources */ = {isa = PBXBuildFile; fileRef = 8270444220C2198900F73B63 /* Card.swift */; };
		8270444720C21A8000F73B63 /* CardCell.swift in Sources */ = {isa = PBXBuildFile; fileRef = 8270444620C21A8000F73B63 /* CardCell.swift */; };
		8270445120C23A0D00F73B63 /* UIImage.swift in Sources */ = {isa = PBXBuildFile; fileRef = 8270445020C23A0D00F73B63 /* UIImage.swift */; };
		828B757720C50E31006754A5 /* UIImageView.swift in Sources */ = {isa = PBXBuildFile; fileRef = 828B757620C50E31006754A5 /* UIImageView.swift */; };
/* End PBXBuildFile section */

/* Begin PBXContainerItemProxy section */
		8270442420C2195100F73B63 /* PBXContainerItemProxy */ = {
			isa = PBXContainerItemProxy;
			containerPortal = 8270440720C2194F00F73B63 /* Project object */;
			proxyType = 1;
			remoteGlobalIDString = 8270440E20C2194F00F73B63;
			remoteInfo = Hearthstone;
		};
		8270442F20C2195100F73B63 /* PBXContainerItemProxy */ = {
			isa = PBXContainerItemProxy;
			containerPortal = 8270440720C2194F00F73B63 /* Project object */;
			proxyType = 1;
			remoteGlobalIDString = 8270440E20C2194F00F73B63;
			remoteInfo = Hearthstone;
		};
/* End PBXContainerItemProxy section */

/* Begin PBXFileReference section */
		8270440F20C2194F00F73B63 /* Hearthstone.app */ = {isa = PBXFileReference; explicitFileType = wrapper.application; includeInIndex = 0; path = Hearthstone.app; sourceTree = BUILT_PRODUCTS_DIR; };
		8270441220C2194F00F73B63 /* AppDelegate.swift */ = {isa = PBXFileReference; lastKnownFileType = sourcecode.swift; path = AppDelegate.swift; sourceTree = "<group>"; };
		8270441420C2194F00F73B63 /* MainViewController.swift */ = {isa = PBXFileReference; lastKnownFileType = sourcecode.swift; path = MainViewController.swift; sourceTree = "<group>"; };
		8270441720C2194F00F73B63 /* Base */ = {isa = PBXFileReference; lastKnownFileType = file.storyboard; name = Base; path = Base.lproj/Main.storyboard; sourceTree = "<group>"; };
		8270441920C2195100F73B63 /* Assets.xcassets */ = {isa = PBXFileReference; lastKnownFileType = folder.assetcatalog; path = Assets.xcassets; sourceTree = "<group>"; };
		8270441C20C2195100F73B63 /* Base */ = {isa = PBXFileReference; lastKnownFileType = file.storyboard; name = Base; path = Base.lproj/LaunchScreen.storyboard; sourceTree = "<group>"; };
		8270441E20C2195100F73B63 /* Info.plist */ = {isa = PBXFileReference; lastKnownFileType = text.plist.xml; path = Info.plist; sourceTree = "<group>"; };
		8270442320C2195100F73B63 /* HearthstoneTests.xctest */ = {isa = PBXFileReference; explicitFileType = wrapper.cfbundle; includeInIndex = 0; path = HearthstoneTests.xctest; sourceTree = BUILT_PRODUCTS_DIR; };
		8270442720C2195100F73B63 /* HearthstoneTests.swift */ = {isa = PBXFileReference; lastKnownFileType = sourcecode.swift; path = HearthstoneTests.swift; sourceTree = "<group>"; };
		8270442920C2195100F73B63 /* Info.plist */ = {isa = PBXFileReference; lastKnownFileType = text.plist.xml; path = Info.plist; sourceTree = "<group>"; };
		8270442E20C2195100F73B63 /* HearthstoneUITests.xctest */ = {isa = PBXFileReference; explicitFileType = wrapper.cfbundle; includeInIndex = 0; path = HearthstoneUITests.xctest; sourceTree = BUILT_PRODUCTS_DIR; };
		8270443220C2195100F73B63 /* HearthstoneUITests.swift */ = {isa = PBXFileReference; lastKnownFileType = sourcecode.swift; path = HearthstoneUITests.swift; sourceTree = "<group>"; };
		8270443420C2195100F73B63 /* Info.plist */ = {isa = PBXFileReference; lastKnownFileType = text.plist.xml; path = Info.plist; sourceTree = "<group>"; };
		8270444020C2197000F73B63 /* DataService.swift */ = {isa = PBXFileReference; lastKnownFileType = sourcecode.swift; path = DataService.swift; sourceTree = "<group>"; };
		8270444220C2198900F73B63 /* Card.swift */ = {isa = PBXFileReference; lastKnownFileType = sourcecode.swift; path = Card.swift; sourceTree = "<group>"; };
		8270444620C21A8000F73B63 /* CardCell.swift */ = {isa = PBXFileReference; lastKnownFileType = sourcecode.swift; path = CardCell.swift; sourceTree = "<group>"; };
		8270445020C23A0D00F73B63 /* UIImage.swift */ = {isa = PBXFileReference; lastKnownFileType = sourcecode.swift; path = UIImage.swift; sourceTree = "<group>"; };
		828B757620C50E31006754A5 /* UIImageView.swift */ = {isa = PBXFileReference; lastKnownFileType = sourcecode.swift; path = UIImageView.swift; sourceTree = "<group>"; };
/* End PBXFileReference section */

/* Begin PBXFrameworksBuildPhase section */
		8270440C20C2194F00F73B63 /* Frameworks */ = {
			isa = PBXFrameworksBuildPhase;
			buildActionMask = 2147483647;
			files = (
			);
			runOnlyForDeploymentPostprocessing = 0;
		};
		8270442020C2195100F73B63 /* Frameworks */ = {
			isa = PBXFrameworksBuildPhase;
			buildActionMask = 2147483647;
			files = (
			);
			runOnlyForDeploymentPostprocessing = 0;
		};
		8270442B20C2195100F73B63 /* Frameworks */ = {
			isa = PBXFrameworksBuildPhase;
			buildActionMask = 2147483647;
			files = (
			);
			runOnlyForDeploymentPostprocessing = 0;
		};
/* End PBXFrameworksBuildPhase section */

/* Begin PBXGroup section */
		8270440620C2194F00F73B63 = {
			isa = PBXGroup;
			children = (
				8270441120C2194F00F73B63 /* Hearthstone */,
				8270442620C2195100F73B63 /* HearthstoneTests */,
				8270443120C2195100F73B63 /* HearthstoneUITests */,
				8270441020C2194F00F73B63 /* Products */,
			);
			sourceTree = "<group>";
		};
		8270441020C2194F00F73B63 /* Products */ = {
			isa = PBXGroup;
			children = (
				8270440F20C2194F00F73B63 /* Hearthstone.app */,
				8270442320C2195100F73B63 /* HearthstoneTests.xctest */,
				8270442E20C2195100F73B63 /* HearthstoneUITests.xctest */,
			);
			name = Products;
			sourceTree = "<group>";
		};
		8270441120C2194F00F73B63 /* Hearthstone */ = {
			isa = PBXGroup;
			children = (
				8270444B20C21B1B00F73B63 /* Util */,
				8270444A20C21B0900F73B63 /* Model */,
				8270444920C21B0600F73B63 /* View */,
				8270444820C21AFE00F73B63 /* Controller */,
				8270441220C2194F00F73B63 /* AppDelegate.swift */,
				8270441620C2194F00F73B63 /* Main.storyboard */,
				8270441920C2195100F73B63 /* Assets.xcassets */,
				8270441B20C2195100F73B63 /* LaunchScreen.storyboard */,
				8270441E20C2195100F73B63 /* Info.plist */,
			);
			path = Hearthstone;
			sourceTree = "<group>";
		};
		8270442620C2195100F73B63 /* HearthstoneTests */ = {
			isa = PBXGroup;
			children = (
				8270442720C2195100F73B63 /* HearthstoneTests.swift */,
				8270442920C2195100F73B63 /* Info.plist */,
			);
			path = HearthstoneTests;
			sourceTree = "<group>";
		};
		8270443120C2195100F73B63 /* HearthstoneUITests */ = {
			isa = PBXGroup;
			children = (
				8270443220C2195100F73B63 /* HearthstoneUITests.swift */,
				8270443420C2195100F73B63 /* Info.plist */,
			);
			path = HearthstoneUITests;
			sourceTree = "<group>";
		};
		8270444820C21AFE00F73B63 /* Controller */ = {
			isa = PBXGroup;
			children = (
				8270441420C2194F00F73B63 /* MainViewController.swift */,
			);
			path = Controller;
			sourceTree = "<group>";
		};
		8270444920C21B0600F73B63 /* View */ = {
			isa = PBXGroup;
			children = (
				8270444620C21A8000F73B63 /* CardCell.swift */,
			);
			path = View;
			sourceTree = "<group>";
		};
		8270444A20C21B0900F73B63 /* Model */ = {
			isa = PBXGroup;
			children = (
				8270444220C2198900F73B63 /* Card.swift */,
			);
			path = Model;
			sourceTree = "<group>";
		};
		8270444B20C21B1B00F73B63 /* Util */ = {
			isa = PBXGroup;
			children = (
				8270444020C2197000F73B63 /* DataService.swift */,
				8270445020C23A0D00F73B63 /* UIImage.swift */,
				828B757620C50E31006754A5 /* UIImageView.swift */,
			);
			path = Util;
			sourceTree = "<group>";
		};
/* End PBXGroup section */

/* Begin PBXNativeTarget section */
		8270440E20C2194F00F73B63 /* Hearthstone */ = {
			isa = PBXNativeTarget;
			buildConfigurationList = 8270443720C2195100F73B63 /* Build configuration list for PBXNativeTarget "Hearthstone" */;
			buildPhases = (
				8270440B20C2194F00F73B63 /* Sources */,
				8270440C20C2194F00F73B63 /* Frameworks */,
				8270440D20C2194F00F73B63 /* Resources */,
			);
			buildRules = (
			);
			dependencies = (
			);
			name = Hearthstone;
			productName = Hearthstone;
			productReference = 8270440F20C2194F00F73B63 /* Hearthstone.app */;
			productType = "com.apple.product-type.application";
		};
		8270442220C2195100F73B63 /* HearthstoneTests */ = {
			isa = PBXNativeTarget;
			buildConfigurationList = 8270443A20C2195100F73B63 /* Build configuration list for PBXNativeTarget "HearthstoneTests" */;
			buildPhases = (
				8270441F20C2195100F73B63 /* Sources */,
				8270442020C2195100F73B63 /* Frameworks */,
				8270442120C2195100F73B63 /* Resources */,
			);
			buildRules = (
			);
			dependencies = (
				8270442520C2195100F73B63 /* PBXTargetDependency */,
			);
			name = HearthstoneTests;
			productName = HearthstoneTests;
			productReference = 8270442320C2195100F73B63 /* HearthstoneTests.xctest */;
			productType = "com.apple.product-type.bundle.unit-test";
		};
		8270442D20C2195100F73B63 /* HearthstoneUITests */ = {
			isa = PBXNativeTarget;
			buildConfigurationList = 8270443D20C2195100F73B63 /* Build configuration list for PBXNativeTarget "HearthstoneUITests" */;
			buildPhases = (
				8270442A20C2195100F73B63 /* Sources */,
				8270442B20C2195100F73B63 /* Frameworks */,
				8270442C20C2195100F73B63 /* Resources */,
			);
			buildRules = (
			);
			dependencies = (
				8270443020C2195100F73B63 /* PBXTargetDependency */,
			);
			name = HearthstoneUITests;
			productName = HearthstoneUITests;
			productReference = 8270442E20C2195100F73B63 /* HearthstoneUITests.xctest */;
			productType = "com.apple.product-type.bundle.ui-testing";
		};
/* End PBXNativeTarget section */

/* Begin PBXProject section */
		8270440720C2194F00F73B63 /* Project object */ = {
			isa = PBXProject;
			attributes = {
				LastSwiftUpdateCheck = 0930;
				LastUpgradeCheck = 0930;
				ORGANIZATIONNAME = "Manthan Shah";
				TargetAttributes = {
					8270440E20C2194F00F73B63 = {
						CreatedOnToolsVersion = 9.3.1;
					};
					8270442220C2195100F73B63 = {
						CreatedOnToolsVersion = 9.3.1;
						TestTargetID = 8270440E20C2194F00F73B63;
					};
					8270442D20C2195100F73B63 = {
						CreatedOnToolsVersion = 9.3.1;
						TestTargetID = 8270440E20C2194F00F73B63;
					};
				};
			};
			buildConfigurationList = 8270440A20C2194F00F73B63 /* Build configuration list for PBXProject "Hearthstone" */;
			compatibilityVersion = "Xcode 9.3";
			developmentRegion = en;
			hasScannedForEncodings = 0;
			knownRegions = (
				en,
				Base,
			);
			mainGroup = 8270440620C2194F00F73B63;
			productRefGroup = 8270441020C2194F00F73B63 /* Products */;
			projectDirPath = "";
			projectRoot = "";
			targets = (
				8270440E20C2194F00F73B63 /* Hearthstone */,
				8270442220C2195100F73B63 /* HearthstoneTests */,
				8270442D20C2195100F73B63 /* HearthstoneUITests */,
			);
		};
/* End PBXProject section */

/* Begin PBXResourcesBuildPhase section */
		8270440D20C2194F00F73B63 /* Resources */ = {
			isa = PBXResourcesBuildPhase;
			buildActionMask = 2147483647;
			files = (
				8270441D20C2195100F73B63 /* LaunchScreen.storyboard in Resources */,
				8270441A20C2195100F73B63 /* Assets.xcassets in Resources */,
				8270441820C2194F00F73B63 /* Main.storyboard in Resources */,
			);
			runOnlyForDeploymentPostprocessing = 0;
		};
		8270442120C2195100F73B63 /* Resources */ = {
			isa = PBXResourcesBuildPhase;
			buildActionMask = 2147483647;
			files = (
			);
			runOnlyForDeploymentPostprocessing = 0;
		};
		8270442C20C2195100F73B63 /* Resources */ = {
			isa = PBXResourcesBuildPhase;
			buildActionMask = 2147483647;
			files = (
			);
			runOnlyForDeploymentPostprocessing = 0;
		};
/* End PBXResourcesBuildPhase section */

/* Begin PBXSourcesBuildPhase section */
		8270440B20C2194F00F73B63 /* Sources */ = {
			isa = PBXSourcesBuildPhase;
			buildActionMask = 2147483647;
			files = (
				8270444720C21A8000F73B63 /* CardCell.swift in Sources */,
				8270444120C2197000F73B63 /* DataService.swift in Sources */,
				828B757720C50E31006754A5 /* UIImageView.swift in Sources */,
				8270441520C2194F00F73B63 /* MainViewController.swift in Sources */,
				8270445120C23A0D00F73B63 /* UIImage.swift in Sources */,
				8270441320C2194F00F73B63 /* AppDelegate.swift in Sources */,
				8270444320C2198900F73B63 /* Card.swift in Sources */,
			);
			runOnlyForDeploymentPostprocessing = 0;
		};
		8270441F20C2195100F73B63 /* Sources */ = {
			isa = PBXSourcesBuildPhase;
			buildActionMask = 2147483647;
			files = (
				8270442820C2195100F73B63 /* HearthstoneTests.swift in Sources */,
			);
			runOnlyForDeploymentPostprocessing = 0;
		};
		8270442A20C2195100F73B63 /* Sources */ = {
			isa = PBXSourcesBuildPhase;
			buildActionMask = 2147483647;
			files = (
				8270443320C2195100F73B63 /* HearthstoneUITests.swift in Sources */,
			);
			runOnlyForDeploymentPostprocessing = 0;
		};
/* End PBXSourcesBuildPhase section */

/* Begin PBXTargetDependency section */
		8270442520C2195100F73B63 /* PBXTargetDependency */ = {
			isa = PBXTargetDependency;
			target = 8270440E20C2194F00F73B63 /* Hearthstone */;
			targetProxy = 8270442420C2195100F73B63 /* PBXContainerItemProxy */;
		};
		8270443020C2195100F73B63 /* PBXTargetDependency */ = {
			isa = PBXTargetDependency;
			target = 8270440E20C2194F00F73B63 /* Hearthstone */;
			targetProxy = 8270442F20C2195100F73B63 /* PBXContainerItemProxy */;
		};
/* End PBXTargetDependency section */

/* Begin PBXVariantGroup section */
		8270441620C2194F00F73B63 /* Main.storyboard */ = {
			isa = PBXVariantGroup;
			children = (
				8270441720C2194F00F73B63 /* Base */,
			);
			name = Main.storyboard;
			sourceTree = "<group>";
		};
		8270441B20C2195100F73B63 /* LaunchScreen.storyboard */ = {
			isa = PBXVariantGroup;
			children = (
				8270441C20C2195100F73B63 /* Base */,
			);
			name = LaunchScreen.storyboard;
			sourceTree = "<group>";
		};
/* End PBXVariantGroup section */

/* Begin XCBuildConfiguration section */
		8270443520C2195100F73B63 /* Debug */ = {
			isa = XCBuildConfiguration;
			buildSettings = {
				ALWAYS_SEARCH_USER_PATHS = NO;
				CLANG_ANALYZER_NONNULL = YES;
				CLANG_ANALYZER_NUMBER_OBJECT_CONVERSION = YES_AGGRESSIVE;
				CLANG_CXX_LANGUAGE_STANDARD = "gnu++14";
				CLANG_CXX_LIBRARY = "libc++";
				CLANG_ENABLE_MODULES = YES;
				CLANG_ENABLE_OBJC_ARC = YES;
				CLANG_ENABLE_OBJC_WEAK = YES;
				CLANG_WARN_BLOCK_CAPTURE_AUTORELEASING = YES;
				CLANG_WARN_BOOL_CONVERSION = YES;
				CLANG_WARN_COMMA = YES;
				CLANG_WARN_CONSTANT_CONVERSION = YES;
				CLANG_WARN_DEPRECATED_OBJC_IMPLEMENTATIONS = YES;
				CLANG_WARN_DIRECT_OBJC_ISA_USAGE = YES_ERROR;
				CLANG_WARN_DOCUMENTATION_COMMENTS = YES;
				CLANG_WARN_EMPTY_BODY = YES;
				CLANG_WARN_ENUM_CONVERSION = YES;
				CLANG_WARN_INFINITE_RECURSION = YES;
				CLANG_WARN_INT_CONVERSION = YES;
				CLANG_WARN_NON_LITERAL_NULL_CONVERSION = YES;
				CLANG_WARN_OBJC_IMPLICIT_RETAIN_SELF = YES;
				CLANG_WARN_OBJC_LITERAL_CONVERSION = YES;
				CLANG_WARN_OBJC_ROOT_CLASS = YES_ERROR;
				CLANG_WARN_RANGE_LOOP_ANALYSIS = YES;
				CLANG_WARN_STRICT_PROTOTYPES = YES;
				CLANG_WARN_SUSPICIOUS_MOVE = YES;
				CLANG_WARN_UNGUARDED_AVAILABILITY = YES_AGGRESSIVE;
				CLANG_WARN_UNREACHABLE_CODE = YES;
				CLANG_WARN__DUPLICATE_METHOD_MATCH = YES;
				CODE_SIGN_IDENTITY = "iPhone Developer";
				COPY_PHASE_STRIP = NO;
				DEBUG_INFORMATION_FORMAT = dwarf;
				ENABLE_STRICT_OBJC_MSGSEND = YES;
				ENABLE_TESTABILITY = YES;
				GCC_C_LANGUAGE_STANDARD = gnu11;
				GCC_DYNAMIC_NO_PIC = NO;
				GCC_NO_COMMON_BLOCKS = YES;
				GCC_OPTIMIZATION_LEVEL = 0;
				GCC_PREPROCESSOR_DEFINITIONS = (
					"DEBUG=1",
					"$(inherited)",
				);
				GCC_WARN_64_TO_32_BIT_CONVERSION = YES;
				GCC_WARN_ABOUT_RETURN_TYPE = YES_ERROR;
				GCC_WARN_UNDECLARED_SELECTOR = YES;
				GCC_WARN_UNINITIALIZED_AUTOS = YES_AGGRESSIVE;
				GCC_WARN_UNUSED_FUNCTION = YES;
				GCC_WARN_UNUSED_VARIABLE = YES;
				IPHONEOS_DEPLOYMENT_TARGET = 11.3;
				MTL_ENABLE_DEBUG_INFO = YES;
				ONLY_ACTIVE_ARCH = YES;
				SDKROOT = iphoneos;
				SWIFT_ACTIVE_COMPILATION_CONDITIONS = DEBUG;
				SWIFT_OPTIMIZATION_LEVEL = "-Onone";
			};
			name = Debug;
		};
		8270443620C2195100F73B63 /* Release */ = {
			isa = XCBuildConfiguration;
			buildSettings = {
				ALWAYS_SEARCH_USER_PATHS = NO;
				CLANG_ANALYZER_NONNULL = YES;
				CLANG_ANALYZER_NUMBER_OBJECT_CONVERSION = YES_AGGRESSIVE;
				CLANG_CXX_LANGUAGE_STANDARD = "gnu++14";
				CLANG_CXX_LIBRARY = "libc++";
				CLANG_ENABLE_MODULES = YES;
				CLANG_ENABLE_OBJC_ARC = YES;
				CLANG_ENABLE_OBJC_WEAK = YES;
				CLANG_WARN_BLOCK_CAPTURE_AUTORELEASING = YES;
				CLANG_WARN_BOOL_CONVERSION = YES;
				CLANG_WARN_COMMA = YES;
				CLANG_WARN_CONSTANT_CONVERSION = YES;
				CLANG_WARN_DEPRECATED_OBJC_IMPLEMENTATIONS = YES;
				CLANG_WARN_DIRECT_OBJC_ISA_USAGE = YES_ERROR;
				CLANG_WARN_DOCUMENTATION_COMMENTS = YES;
				CLANG_WARN_EMPTY_BODY = YES;
				CLANG_WARN_ENUM_CONVERSION = YES;
				CLANG_WARN_INFINITE_RECURSION = YES;
				CLANG_WARN_INT_CONVERSION = YES;
				CLANG_WARN_NON_LITERAL_NULL_CONVERSION = YES;
				CLANG_WARN_OBJC_IMPLICIT_RETAIN_SELF = YES;
				CLANG_WARN_OBJC_LITERAL_CONVERSION = YES;
				CLANG_WARN_OBJC_ROOT_CLASS = YES_ERROR;
				CLANG_WARN_RANGE_LOOP_ANALYSIS = YES;
				CLANG_WARN_STRICT_PROTOTYPES = YES;
				CLANG_WARN_SUSPICIOUS_MOVE = YES;
				CLANG_WARN_UNGUARDED_AVAILABILITY = YES_AGGRESSIVE;
				CLANG_WARN_UNREACHABLE_CODE = YES;
				CLANG_WARN__DUPLICATE_METHOD_MATCH = YES;
				CODE_SIGN_IDENTITY = "iPhone Developer";
				COPY_PHASE_STRIP = NO;
				DEBUG_INFORMATION_FORMAT = "dwarf-with-dsym";
				ENABLE_NS_ASSERTIONS = NO;
				ENABLE_STRICT_OBJC_MSGSEND = YES;
				GCC_C_LANGUAGE_STANDARD = gnu11;
				GCC_NO_COMMON_BLOCKS = YES;
				GCC_WARN_64_TO_32_BIT_CONVERSION = YES;
				GCC_WARN_ABOUT_RETURN_TYPE = YES_ERROR;
				GCC_WARN_UNDECLARED_SELECTOR = YES;
				GCC_WARN_UNINITIALIZED_AUTOS = YES_AGGRESSIVE;
				GCC_WARN_UNUSED_FUNCTION = YES;
				GCC_WARN_UNUSED_VARIABLE = YES;
				IPHONEOS_DEPLOYMENT_TARGET = 11.3;
				MTL_ENABLE_DEBUG_INFO = NO;
				SDKROOT = iphoneos;
				SWIFT_COMPILATION_MODE = wholemodule;
				SWIFT_OPTIMIZATION_LEVEL = "-O";
				VALIDATE_PRODUCT = YES;
			};
			name = Release;
		};
		8270443820C2195100F73B63 /* Debug */ = {
			isa = XCBuildConfiguration;
			buildSettings = {
				ASSETCATALOG_COMPILER_APPICON_NAME = AppIcon;
				CODE_SIGN_STYLE = Automatic;
				DEVELOPMENT_TEAM = J9JKX35A2N;
				INFOPLIST_FILE = Hearthstone/Info.plist;
				LD_RUNPATH_SEARCH_PATHS = (
					"$(inherited)",
					"@executable_path/Frameworks",
				);
				PRODUCT_BUNDLE_IDENTIFIER = com.manthanshah.Hearthstone;
				PRODUCT_NAME = "$(TARGET_NAME)";
				SWIFT_VERSION = 4.0;
				TARGETED_DEVICE_FAMILY = "1,2";
			};
			name = Debug;
		};
		8270443920C2195100F73B63 /* Release */ = {
			isa = XCBuildConfiguration;
			buildSettings = {
				ASSETCATALOG_COMPILER_APPICON_NAME = AppIcon;
				CODE_SIGN_STYLE = Automatic;
				DEVELOPMENT_TEAM = J9JKX35A2N;
				INFOPLIST_FILE = Hearthstone/Info.plist;
				LD_RUNPATH_SEARCH_PATHS = (
					"$(inherited)",
					"@executable_path/Frameworks",
				);
				PRODUCT_BUNDLE_IDENTIFIER = com.manthanshah.Hearthstone;
				PRODUCT_NAME = "$(TARGET_NAME)";
				SWIFT_VERSION = 4.0;
				TARGETED_DEVICE_FAMILY = "1,2";
			};
			name = Release;
		};
		8270443B20C2195100F73B63 /* Debug */ = {
			isa = XCBuildConfiguration;
			buildSettings = {
				ALWAYS_EMBED_SWIFT_STANDARD_LIBRARIES = YES;
				BUNDLE_LOADER = "$(TEST_HOST)";
				CODE_SIGN_STYLE = Automatic;
				DEVELOPMENT_TEAM = J9JKX35A2N;
				INFOPLIST_FILE = HearthstoneTests/Info.plist;
				LD_RUNPATH_SEARCH_PATHS = (
					"$(inherited)",
					"@executable_path/Frameworks",
					"@loader_path/Frameworks",
				);
				PRODUCT_BUNDLE_IDENTIFIER = com.manthanshah.HearthstoneTests;
				PRODUCT_NAME = "$(TARGET_NAME)";
				SWIFT_VERSION = 4.0;
				TARGETED_DEVICE_FAMILY = "1,2";
				TEST_HOST = "$(BUILT_PRODUCTS_DIR)/Hearthstone.app/Hearthstone";
			};
			name = Debug;
		};
		8270443C20C2195100F73B63 /* Release */ = {
			isa = XCBuildConfiguration;
			buildSettings = {
				ALWAYS_EMBED_SWIFT_STANDARD_LIBRARIES = YES;
				BUNDLE_LOADER = "$(TEST_HOST)";
				CODE_SIGN_STYLE = Automatic;
				DEVELOPMENT_TEAM = J9JKX35A2N;
				INFOPLIST_FILE = HearthstoneTests/Info.plist;
				LD_RUNPATH_SEARCH_PATHS = (
					"$(inherited)",
					"@executable_path/Frameworks",
					"@loader_path/Frameworks",
				);
				PRODUCT_BUNDLE_IDENTIFIER = com.manthanshah.HearthstoneTests;
				PRODUCT_NAME = "$(TARGET_NAME)";
				SWIFT_VERSION = 4.0;
				TARGETED_DEVICE_FAMILY = "1,2";
				TEST_HOST = "$(BUILT_PRODUCTS_DIR)/Hearthstone.app/Hearthstone";
			};
			name = Release;
		};
		8270443E20C2195100F73B63 /* Debug */ = {
			isa = XCBuildConfiguration;
			buildSettings = {
				ALWAYS_EMBED_SWIFT_STANDARD_LIBRARIES = YES;
				CODE_SIGN_STYLE = Automatic;
				DEVELOPMENT_TEAM = J9JKX35A2N;
				INFOPLIST_FILE = HearthstoneUITests/Info.plist;
				LD_RUNPATH_SEARCH_PATHS = (
					"$(inherited)",
					"@executable_path/Frameworks",
					"@loader_path/Frameworks",
				);
				PRODUCT_BUNDLE_IDENTIFIER = com.manthanshah.HearthstoneUITests;
				PRODUCT_NAME = "$(TARGET_NAME)";
				SWIFT_VERSION = 4.0;
				TARGETED_DEVICE_FAMILY = "1,2";
				TEST_TARGET_NAME = Hearthstone;
			};
			name = Debug;
		};
		8270443F20C2195100F73B63 /* Release */ = {
			isa = XCBuildConfiguration;
			buildSettings = {
				ALWAYS_EMBED_SWIFT_STANDARD_LIBRARIES = YES;
				CODE_SIGN_STYLE = Automatic;
				DEVELOPMENT_TEAM = J9JKX35A2N;
				INFOPLIST_FILE = HearthstoneUITests/Info.plist;
				LD_RUNPATH_SEARCH_PATHS = (
					"$(inherited)",
					"@executable_path/Frameworks",
					"@loader_path/Frameworks",
				);
				PRODUCT_BUNDLE_IDENTIFIER = com.manthanshah.HearthstoneUITests;
				PRODUCT_NAME = "$(TARGET_NAME)";
				SWIFT_VERSION = 4.0;
				TARGETED_DEVICE_FAMILY = "1,2";
				TEST_TARGET_NAME = Hearthstone;
			};
			name = Release;
		};
/* End XCBuildConfiguration section */

/* Begin XCConfigurationList section */
		8270440A20C2194F00F73B63 /* Build configuration list for PBXProject "Hearthstone" */ = {
			isa = XCConfigurationList;
			buildConfigurations = (
				8270443520C2195100F73B63 /* Debug */,
				8270443620C2195100F73B63 /* Release */,
			);
			defaultConfigurationIsVisible = 0;
			defaultConfigurationName = Release;
		};
		8270443720C2195100F73B63 /* Build configuration list for PBXNativeTarget "Hearthstone" */ = {
			isa = XCConfigurationList;
			buildConfigurations = (
				8270443820C2195100F73B63 /* Debug */,
				8270443920C2195100F73B63 /* Release */,
			);
			defaultConfigurationIsVisible = 0;
			defaultConfigurationName = Release;
		};
		8270443A20C2195100F73B63 /* Build configuration list for PBXNativeTarget "HearthstoneTests" */ = {
			isa = XCConfigurationList;
			buildConfigurations = (
				8270443B20C2195100F73B63 /* Debug */,
				8270443C20C2195100F73B63 /* Release */,
			);
			defaultConfigurationIsVisible = 0;
			defaultConfigurationName = Release;
		};
		8270443D20C2195100F73B63 /* Build configuration list for PBXNativeTarget "HearthstoneUITests" */ = {
			isa = XCConfigurationList;
			buildConfigurations = (
				8270443E20C2195100F73B63 /* Debug */,
				8270443F20C2195100F73B63 /* Release */,
			);
			defaultConfigurationIsVisible = 0;
			defaultConfigurationName = Release;
		};
/* End XCConfigurationList section */
	};
	rootObject = 8270440720C2194F00F73B63 /* Project object */;
}
